
Microsoft Visual Studio Solution File, Format Version 12.00
# Visual Studio Version 16
VisualStudioVersion = 16.0.29519.181
MinimumVisualStudioVersion = 10.0.40219.1
Project("{FAE04EC0-301F-11D3-BF4B-00C04F79EFBC}") = "Sort2_3", "Sort2_3.csproj", "{6801B0FF-4BDC-4175-8945-42125CC9AE89}"
EndProject
Global
	GlobalSection(SolutionConfigurationPlatforms) = preSolution
		Debug|Any CPU = Debug|Any CPU
		Release|Any CPU = Release|Any CPU
	EndGlobalSection
	GlobalSection(ProjectConfigurationPlatforms) = postSolution
		{6801B0FF-4BDC-4175-8945-42125CC9AE89}.Debug|Any CPU.ActiveCfg = Debug|Any CPU
		{6801B0FF-4BDC-4175-8945-42125CC9AE89}.Debug|Any CPU.Build.0 = Debug|Any CPU
		{6801B0FF-4BDC-4175-8945-42125CC9AE89}.Release|Any CPU.ActiveCfg = Release|Any CPU
		{6801B0FF-4BDC-4175-8945-42125CC9AE89}.Release|Any CPU.Build.0 = Release|Any CPU
	EndGlobalSection
	GlobalSection(SolutionProperties) = preSolution
		HideSolutionNode = FALSE
	EndGlobalSection
	GlobalSection(ExtensibilityGlobals) = postSolution
		SolutionGuid = {31FEAE58-11E7-4594-A663-C3E452C1458B}
	EndGlobalSection
EndGlobal
