
Microsoft Visual Studio Solution File, Format Version 12.00
# Visual Studio Version 16
VisualStudioVersion = 16.0.30011.22
MinimumVisualStudioVersion = 10.0.40219.1
Project("{FAE04EC0-301F-11D3-BF4B-00C04F79EFBC}") = "Exam_1k", "Exam_1k.csproj", "{772A95E3-C064-4B07-A64E-70606C21F3D0}"
EndProject
Global
	GlobalSection(SolutionConfigurationPlatforms) = preSolution
		Debug|Any CPU = Debug|Any CPU
		Release|Any CPU = Release|Any CPU
	EndGlobalSection
	GlobalSection(ProjectConfigurationPlatforms) = postSolution
		{772A95E3-C064-4B07-A64E-70606C21F3D0}.Debug|Any CPU.ActiveCfg = Debug|Any CPU
		{772A95E3-C064-4B07-A64E-70606C21F3D0}.Debug|Any CPU.Build.0 = Debug|Any CPU
		{772A95E3-C064-4B07-A64E-70606C21F3D0}.Release|Any CPU.ActiveCfg = Release|Any CPU
		{772A95E3-C064-4B07-A64E-70606C21F3D0}.Release|Any CPU.Build.0 = Release|Any CPU
	EndGlobalSection
	GlobalSection(SolutionProperties) = preSolution
		HideSolutionNode = FALSE
	EndGlobalSection
	GlobalSection(ExtensibilityGlobals) = postSolution
		SolutionGuid = {AE3023B1-03AF-46FA-B9B9-D38808FFFA51}
	EndGlobalSection
EndGlobal
