
Microsoft Visual Studio Solution File, Format Version 12.00
# Visual Studio Version 16
VisualStudioVersion = 16.0.30011.22
MinimumVisualStudioVersion = 10.0.40219.1
Project("{FAE04EC0-301F-11D3-BF4B-00C04F79EFBC}") = "LDU", "LDU.csproj", "{3AAEFFD8-1720-4CA0-A2FB-84AFDA498932}"
EndProject
Global
	GlobalSection(SolutionConfigurationPlatforms) = preSolution
		Debug|Any CPU = Debug|Any CPU
		Release|Any CPU = Release|Any CPU
	EndGlobalSection
	GlobalSection(ProjectConfigurationPlatforms) = postSolution
		{3AAEFFD8-1720-4CA0-A2FB-84AFDA498932}.Debug|Any CPU.ActiveCfg = Debug|Any CPU
		{3AAEFFD8-1720-4CA0-A2FB-84AFDA498932}.Debug|Any CPU.Build.0 = Debug|Any CPU
		{3AAEFFD8-1720-4CA0-A2FB-84AFDA498932}.Release|Any CPU.ActiveCfg = Release|Any CPU
		{3AAEFFD8-1720-4CA0-A2FB-84AFDA498932}.Release|Any CPU.Build.0 = Release|Any CPU
	EndGlobalSection
	GlobalSection(SolutionProperties) = preSolution
		HideSolutionNode = FALSE
	EndGlobalSection
	GlobalSection(ExtensibilityGlobals) = postSolution
		SolutionGuid = {45CED36B-AAC6-45AD-A59B-A433698F5BCA}
	EndGlobalSection
EndGlobal
