
Microsoft Visual Studio Solution File, Format Version 12.00
# Visual Studio Version 16
VisualStudioVersion = 16.0.30011.22
MinimumVisualStudioVersion = 10.0.40219.1
Project("{FAE04EC0-301F-11D3-BF4B-00C04F79EFBC}") = "1293", "1293.csproj", "{7DC90812-709A-4987-A935-8EA3540F34E7}"
EndProject
Global
	GlobalSection(SolutionConfigurationPlatforms) = preSolution
		Debug|Any CPU = Debug|Any CPU
		Release|Any CPU = Release|Any CPU
	EndGlobalSection
	GlobalSection(ProjectConfigurationPlatforms) = postSolution
		{7DC90812-709A-4987-A935-8EA3540F34E7}.Debug|Any CPU.ActiveCfg = Debug|Any CPU
		{7DC90812-709A-4987-A935-8EA3540F34E7}.Debug|Any CPU.Build.0 = Debug|Any CPU
		{7DC90812-709A-4987-A935-8EA3540F34E7}.Release|Any CPU.ActiveCfg = Release|Any CPU
		{7DC90812-709A-4987-A935-8EA3540F34E7}.Release|Any CPU.Build.0 = Release|Any CPU
	EndGlobalSection
	GlobalSection(SolutionProperties) = preSolution
		HideSolutionNode = FALSE
	EndGlobalSection
	GlobalSection(ExtensibilityGlobals) = postSolution
		SolutionGuid = {B3A0BAD0-42AE-4919-9355-CD9FDDD2FDD8}
	EndGlobalSection
EndGlobal
