
Microsoft Visual Studio Solution File, Format Version 12.00
# Visual Studio Version 16
VisualStudioVersion = 16.0.29306.81
MinimumVisualStudioVersion = 10.0.40219.1
Project("{FAE04EC0-301F-11D3-BF4B-00C04F79EFBC}") = "Loops3", "Loops3.csproj", "{BCD12C18-CCBE-4CBE-B60D-7BB58013AE1C}"
EndProject
Global
	GlobalSection(SolutionConfigurationPlatforms) = preSolution
		Debug|Any CPU = Debug|Any CPU
		Release|Any CPU = Release|Any CPU
	EndGlobalSection
	GlobalSection(ProjectConfigurationPlatforms) = postSolution
		{BCD12C18-CCBE-4CBE-B60D-7BB58013AE1C}.Debug|Any CPU.ActiveCfg = Debug|Any CPU
		{BCD12C18-CCBE-4CBE-B60D-7BB58013AE1C}.Debug|Any CPU.Build.0 = Debug|Any CPU
		{BCD12C18-CCBE-4CBE-B60D-7BB58013AE1C}.Release|Any CPU.ActiveCfg = Release|Any CPU
		{BCD12C18-CCBE-4CBE-B60D-7BB58013AE1C}.Release|Any CPU.Build.0 = Release|Any CPU
	EndGlobalSection
	GlobalSection(SolutionProperties) = preSolution
		HideSolutionNode = FALSE
	EndGlobalSection
	GlobalSection(ExtensibilityGlobals) = postSolution
		SolutionGuid = {FABBC757-3732-4B83-B23B-7C1AD421EE7F}
	EndGlobalSection
EndGlobal
