
Microsoft Visual Studio Solution File, Format Version 12.00
# Visual Studio Version 16
VisualStudioVersion = 16.0.29519.181
MinimumVisualStudioVersion = 10.0.40219.1
Project("{FAE04EC0-301F-11D3-BF4B-00C04F79EFBC}") = "1026_sort", "1026_sort.csproj", "{359AF1EE-3934-4298-9BAD-150B2B9D5210}"
EndProject
Global
	GlobalSection(SolutionConfigurationPlatforms) = preSolution
		Debug|Any CPU = Debug|Any CPU
		Release|Any CPU = Release|Any CPU
	EndGlobalSection
	GlobalSection(ProjectConfigurationPlatforms) = postSolution
		{359AF1EE-3934-4298-9BAD-150B2B9D5210}.Debug|Any CPU.ActiveCfg = Debug|Any CPU
		{359AF1EE-3934-4298-9BAD-150B2B9D5210}.Debug|Any CPU.Build.0 = Debug|Any CPU
		{359AF1EE-3934-4298-9BAD-150B2B9D5210}.Release|Any CPU.ActiveCfg = Release|Any CPU
		{359AF1EE-3934-4298-9BAD-150B2B9D5210}.Release|Any CPU.Build.0 = Release|Any CPU
	EndGlobalSection
	GlobalSection(SolutionProperties) = preSolution
		HideSolutionNode = FALSE
	EndGlobalSection
	GlobalSection(ExtensibilityGlobals) = postSolution
		SolutionGuid = {E9637A5A-91B0-47AA-AF2B-7B0F251D7440}
	EndGlobalSection
EndGlobal
