
Microsoft Visual Studio Solution File, Format Version 12.00
# Visual Studio Version 16
VisualStudioVersion = 16.0.29306.81
MinimumVisualStudioVersion = 10.0.40219.1
Project("{FAE04EC0-301F-11D3-BF4B-00C04F79EFBC}") = "Col25_1645", "Col25_1645.csproj", "{BBF39192-F526-49B9-A175-405DA5A1D87D}"
EndProject
Global
	GlobalSection(SolutionConfigurationPlatforms) = preSolution
		Debug|Any CPU = Debug|Any CPU
		Release|Any CPU = Release|Any CPU
	EndGlobalSection
	GlobalSection(ProjectConfigurationPlatforms) = postSolution
		{BBF39192-F526-49B9-A175-405DA5A1D87D}.Debug|Any CPU.ActiveCfg = Debug|Any CPU
		{BBF39192-F526-49B9-A175-405DA5A1D87D}.Debug|Any CPU.Build.0 = Debug|Any CPU
		{BBF39192-F526-49B9-A175-405DA5A1D87D}.Release|Any CPU.ActiveCfg = Release|Any CPU
		{BBF39192-F526-49B9-A175-405DA5A1D87D}.Release|Any CPU.Build.0 = Release|Any CPU
	EndGlobalSection
	GlobalSection(SolutionProperties) = preSolution
		HideSolutionNode = FALSE
	EndGlobalSection
	GlobalSection(ExtensibilityGlobals) = postSolution
		SolutionGuid = {1EDC63E1-A5B0-448A-B698-9CE98D0EF605}
	EndGlobalSection
EndGlobal
